$ANSIBLE_VAULT;1.1;AES256
63616430366333343363323864396337396438363239363734373133363536666639643535303930
6134646337663264326362393261343931366436663039320a363739303339633534623233383535
39303932663764386137303532333437653534623836623331383964376136393332646665316334
3835633663333430610a663530386139353737373830386265326239653765393033356661616234
34373161613163343234313063623164396534336633326235396262336162353933393963386535
66353435666162303631626163663964333932323235396634633333633639323064383130623133
64333463336332363763353836306662623465666161386365383561396365326538336565303861
34336164313032633835
